
Microsoft Visual Studio Solution File, Format Version 12.00
# Visual Studio Version 17
VisualStudioVersion = 17.2.32526.322
MinimumVisualStudioVersion = 10.0.40219.1
Project("{FAE04EC0-301F-11D3-BF4B-00C04F79EFBC}") = "WinFormsApp1", "WinFormsApp1.csproj", "{A50B87E7-696A-450E-954B-A75597C96F0D}"
EndProject
Global
	GlobalSection(SolutionConfigurationPlatforms) = preSolution
		Debug|Any CPU = Debug|Any CPU
		Release|Any CPU = Release|Any CPU
	EndGlobalSection
	GlobalSection(ProjectConfigurationPlatforms) = postSolution
		{A50B87E7-696A-450E-954B-A75597C96F0D}.Debug|Any CPU.ActiveCfg = Debug|Any CPU
		{A50B87E7-696A-450E-954B-A75597C96F0D}.Debug|Any CPU.Build.0 = Debug|Any CPU
		{A50B87E7-696A-450E-954B-A75597C96F0D}.Release|Any CPU.ActiveCfg = Release|Any CPU
		{A50B87E7-696A-450E-954B-A75597C96F0D}.Release|Any CPU.Build.0 = Release|Any CPU
	EndGlobalSection
	GlobalSection(SolutionProperties) = preSolution
		HideSolutionNode = FALSE
	EndGlobalSection
	GlobalSection(ExtensibilityGlobals) = postSolution
		SolutionGuid = {1C0A2EA7-766A-4A0D-B9DE-766C5044064B}
	EndGlobalSection
EndGlobal
